// !$*UTF8*$!
{
	archiveVersion = 1;
	classes = {
	};
	objectVersion = 56;
	objects = {

/* Begin PBXBuildFile section */
		D0E290AD2BFE0DB800E2A4BC /* First_SwiftUIApp.swift in Sources */ = {isa = PBXBuildFile; fileRef = D0E290AC2BFE0DB800E2A4BC /* First_SwiftUIApp.swift */; };
		D0E290AF2BFE0DB800E2A4BC /* ContentView.swift in Sources */ = {isa = PBXBuildFile; fileRef = D0E290AE2BFE0DB800E2A4BC /* ContentView.swift */; };
		D0E290B12BFE0DB900E2A4BC /* Assets.xcassets in Resources */ = {isa = PBXBuildFile; fileRef = D0E290B02BFE0DB900E2A4BC /* Assets.xcassets */; };
		D0E290B42BFE0DB900E2A4BC /* Preview Assets.xcassets in Resources */ = {isa = PBXBuildFile; fileRef = D0E290B32BFE0DB900E2A4BC /* Preview Assets.xcassets */; };
		D0E290BB2BFE225D00E2A4BC /* FirstCase.swift in Sources */ = {isa = PBXBuildFile; fileRef = D0E290BA2BFE225D00E2A4BC /* FirstCase.swift */; };
		D0E290BD2BFE254A00E2A4BC /* SecondCase.swift in Sources */ = {isa = PBXBuildFile; fileRef = D0E290BC2BFE254A00E2A4BC /* SecondCase.swift */; };
		D0E290BF2BFE4CF100E2A4BC /* ThirdCase.swift in Sources */ = {isa = PBXBuildFile; fileRef = D0E290BE2BFE4CF100E2A4BC /* ThirdCase.swift */; };
		D0E290C12BFE4D0300E2A4BC /* ScrollCase.swift in Sources */ = {isa = PBXBuildFile; fileRef = D0E290C02BFE4D0300E2A4BC /* ScrollCase.swift */; };
		D0E290C32BFEA76800E2A4BC /* ელენე.swift in Sources */ = {isa = PBXBuildFile; fileRef = D0E290C22BFEA76800E2A4BC /* ელენე.swift */; };
/* End PBXBuildFile section */

/* Begin PBXFileReference section */
		D0E290A92BFE0DB800E2A4BC /* First_SwiftUI.app */ = {isa = PBXFileReference; explicitFileType = wrapper.application; includeInIndex = 0; path = First_SwiftUI.app; sourceTree = BUILT_PRODUCTS_DIR; };
		D0E290AC2BFE0DB800E2A4BC /* First_SwiftUIApp.swift */ = {isa = PBXFileReference; lastKnownFileType = sourcecode.swift; path = First_SwiftUIApp.swift; sourceTree = "<group>"; };
		D0E290AE2BFE0DB800E2A4BC /* ContentView.swift */ = {isa = PBXFileReference; lastKnownFileType = sourcecode.swift; path = ContentView.swift; sourceTree = "<group>"; };
		D0E290B02BFE0DB900E2A4BC /* Assets.xcassets */ = {isa = PBXFileReference; lastKnownFileType = folder.assetcatalog; path = Assets.xcassets; sourceTree = "<group>"; };
		D0E290B32BFE0DB900E2A4BC /* Preview Assets.xcassets */ = {isa = PBXFileReference; lastKnownFileType = folder.assetcatalog; path = "Preview Assets.xcassets"; sourceTree = "<group>"; };
		D0E290BA2BFE225D00E2A4BC /* FirstCase.swift */ = {isa = PBXFileReference; lastKnownFileType = sourcecode.swift; path = FirstCase.swift; sourceTree = "<group>"; };
		D0E290BC2BFE254A00E2A4BC /* SecondCase.swift */ = {isa = PBXFileReference; lastKnownFileType = sourcecode.swift; path = SecondCase.swift; sourceTree = "<group>"; };
		D0E290BE2BFE4CF100E2A4BC /* ThirdCase.swift */ = {isa = PBXFileReference; lastKnownFileType = sourcecode.swift; path = ThirdCase.swift; sourceTree = "<group>"; };
		D0E290C02BFE4D0300E2A4BC /* ScrollCase.swift */ = {isa = PBXFileReference; lastKnownFileType = sourcecode.swift; path = ScrollCase.swift; sourceTree = "<group>"; };
		D0E290C22BFEA76800E2A4BC /* ელენე.swift */ = {isa = PBXFileReference; lastKnownFileType = sourcecode.swift; path = "ელენე.swift"; sourceTree = "<group>"; };
/* End PBXFileReference section */

/* Begin PBXFrameworksBuildPhase section */
		D0E290A62BFE0DB800E2A4BC /* Frameworks */ = {
			isa = PBXFrameworksBuildPhase;
			buildActionMask = 2147483647;
			files = (
			);
			runOnlyForDeploymentPostprocessing = 0;
		};
/* End PBXFrameworksBuildPhase section */

/* Begin PBXGroup section */
		D0E290A02BFE0DB800E2A4BC = {
			isa = PBXGroup;
			children = (
				D0E290AB2BFE0DB800E2A4BC /* First_SwiftUI */,
				D0E290AA2BFE0DB800E2A4BC /* Products */,
			);
			sourceTree = "<group>";
		};
		D0E290AA2BFE0DB800E2A4BC /* Products */ = {
			isa = PBXGroup;
			children = (
				D0E290A92BFE0DB800E2A4BC /* First_SwiftUI.app */,
			);
			name = Products;
			sourceTree = "<group>";
		};
		D0E290AB2BFE0DB800E2A4BC /* First_SwiftUI */ = {
			isa = PBXGroup;
			children = (
				D0E290AC2BFE0DB800E2A4BC /* First_SwiftUIApp.swift */,
				D0E290AE2BFE0DB800E2A4BC /* ContentView.swift */,
				D0E290BA2BFE225D00E2A4BC /* FirstCase.swift */,
				D0E290BC2BFE254A00E2A4BC /* SecondCase.swift */,
				D0E290BE2BFE4CF100E2A4BC /* ThirdCase.swift */,
				D0E290C02BFE4D0300E2A4BC /* ScrollCase.swift */,
				D0E290B02BFE0DB900E2A4BC /* Assets.xcassets */,
				D0E290B22BFE0DB900E2A4BC /* Preview Content */,
				D0E290C22BFEA76800E2A4BC /* ელენე.swift */,
			);
			path = First_SwiftUI;
			sourceTree = "<group>";
		};
		D0E290B22BFE0DB900E2A4BC /* Preview Content */ = {
			isa = PBXGroup;
			children = (
				D0E290B32BFE0DB900E2A4BC /* Preview Assets.xcassets */,
			);
			path = "Preview Content";
			sourceTree = "<group>";
		};
/* End PBXGroup section */

/* Begin PBXNativeTarget section */
		D0E290A82BFE0DB800E2A4BC /* First_SwiftUI */ = {
			isa = PBXNativeTarget;
			buildConfigurationList = D0E290B72BFE0DB900E2A4BC /* Build configuration list for PBXNativeTarget "First_SwiftUI" */;
			buildPhases = (
				D0E290A52BFE0DB800E2A4BC /* Sources */,
				D0E290A62BFE0DB800E2A4BC /* Frameworks */,
				D0E290A72BFE0DB800E2A4BC /* Resources */,
			);
			buildRules = (
			);
			dependencies = (
			);
			name = First_SwiftUI;
			productName = First_SwiftUI;
			productReference = D0E290A92BFE0DB800E2A4BC /* First_SwiftUI.app */;
			productType = "com.apple.product-type.application";
		};
/* End PBXNativeTarget section */

/* Begin PBXProject section */
		D0E290A12BFE0DB800E2A4BC /* Project object */ = {
			isa = PBXProject;
			attributes = {
				BuildIndependentTargetsInParallel = 1;
				LastSwiftUpdateCheck = 1530;
				LastUpgradeCheck = 1530;
				TargetAttributes = {
					D0E290A82BFE0DB800E2A4BC = {
						CreatedOnToolsVersion = 15.3;
					};
				};
			};
			buildConfigurationList = D0E290A42BFE0DB800E2A4BC /* Build configuration list for PBXProject "First_SwiftUI" */;
			compatibilityVersion = "Xcode 14.0";
			developmentRegion = en;
			hasScannedForEncodings = 0;
			knownRegions = (
				en,
				Base,
			);
			mainGroup = D0E290A02BFE0DB800E2A4BC;
			productRefGroup = D0E290AA2BFE0DB800E2A4BC /* Products */;
			projectDirPath = "";
			projectRoot = "";
			targets = (
				D0E290A82BFE0DB800E2A4BC /* First_SwiftUI */,
			);
		};
/* End PBXProject section */

/* Begin PBXResourcesBuildPhase section */
		D0E290A72BFE0DB800E2A4BC /* Resources */ = {
			isa = PBXResourcesBuildPhase;
			buildActionMask = 2147483647;
			files = (
				D0E290B42BFE0DB900E2A4BC /* Preview Assets.xcassets in Resources */,
				D0E290B12BFE0DB900E2A4BC /* Assets.xcassets in Resources */,
			);
			runOnlyForDeploymentPostprocessing = 0;
		};
/* End PBXResourcesBuildPhase section */

/* Begin PBXSourcesBuildPhase section */
		D0E290A52BFE0DB800E2A4BC /* Sources */ = {
			isa = PBXSourcesBuildPhase;
			buildActionMask = 2147483647;
			files = (
				D0E290C12BFE4D0300E2A4BC /* ScrollCase.swift in Sources */,
				D0E290AF2BFE0DB800E2A4BC /* ContentView.swift in Sources */,
				D0E290AD2BFE0DB800E2A4BC /* First_SwiftUIApp.swift in Sources */,
				D0E290C32BFEA76800E2A4BC /* ელენე.swift in Sources */,
				D0E290BD2BFE254A00E2A4BC /* SecondCase.swift in Sources */,
				D0E290BB2BFE225D00E2A4BC /* FirstCase.swift in Sources */,
				D0E290BF2BFE4CF100E2A4BC /* ThirdCase.swift in Sources */,
			);
			runOnlyForDeploymentPostprocessing = 0;
		};
/* End PBXSourcesBuildPhase section */

/* Begin XCBuildConfiguration section */
		D0E290B52BFE0DB900E2A4BC /* Debug */ = {
			isa = XCBuildConfiguration;
			buildSettings = {
				ALWAYS_SEARCH_USER_PATHS = NO;
				ASSETCATALOG_COMPILER_GENERATE_SWIFT_ASSET_SYMBOL_EXTENSIONS = YES;
				CLANG_ANALYZER_NONNULL = YES;
				CLANG_ANALYZER_NUMBER_OBJECT_CONVERSION = YES_AGGRESSIVE;
				CLANG_CXX_LANGUAGE_STANDARD = "gnu++20";
				CLANG_ENABLE_MODULES = YES;
				CLANG_ENABLE_OBJC_ARC = YES;
				CLANG_ENABLE_OBJC_WEAK = YES;
				CLANG_WARN_BLOCK_CAPTURE_AUTORELEASING = YES;
				CLANG_WARN_BOOL_CONVERSION = YES;
				CLANG_WARN_COMMA = YES;
				CLANG_WARN_CONSTANT_CONVERSION = YES;
				CLANG_WARN_DEPRECATED_OBJC_IMPLEMENTATIONS = YES;
				CLANG_WARN_DIRECT_OBJC_ISA_USAGE = YES_ERROR;
				CLANG_WARN_DOCUMENTATION_COMMENTS = YES;
				CLANG_WARN_EMPTY_BODY = YES;
				CLANG_WARN_ENUM_CONVERSION = YES;
				CLANG_WARN_INFINITE_RECURSION = YES;
				CLANG_WARN_INT_CONVERSION = YES;
				CLANG_WARN_NON_LITERAL_NULL_CONVERSION = YES;
				CLANG_WARN_OBJC_IMPLICIT_RETAIN_SELF = YES;
				CLANG_WARN_OBJC_LITERAL_CONVERSION = YES;
				CLANG_WARN_OBJC_ROOT_CLASS = YES_ERROR;
				CLANG_WARN_QUOTED_INCLUDE_IN_FRAMEWORK_HEADER = YES;
				CLANG_WARN_RANGE_LOOP_ANALYSIS = YES;
				CLANG_WARN_STRICT_PROTOTYPES = YES;
				CLANG_WARN_SUSPICIOUS_MOVE = YES;
				CLANG_WARN_UNGUARDED_AVAILABILITY = YES_AGGRESSIVE;
				CLANG_WARN_UNREACHABLE_CODE = YES;
				CLANG_WARN__DUPLICATE_METHOD_MATCH = YES;
				COPY_PHASE_STRIP = NO;
				DEBUG_INFORMATION_FORMAT = dwarf;
				ENABLE_STRICT_OBJC_MSGSEND = YES;
				ENABLE_TESTABILITY = YES;
				ENABLE_USER_SCRIPT_SANDBOXING = YES;
				GCC_C_LANGUAGE_STANDARD = gnu17;
				GCC_DYNAMIC_NO_PIC = NO;
				GCC_NO_COMMON_BLOCKS = YES;
				GCC_OPTIMIZATION_LEVEL = 0;
				GCC_PREPROCESSOR_DEFINITIONS = (
					"DEBUG=1",
					"$(inherited)",
				);
				GCC_WARN_64_TO_32_BIT_CONVERSION = YES;
				GCC_WARN_ABOUT_RETURN_TYPE = YES_ERROR;
				GCC_WARN_UNDECLARED_SELECTOR = YES;
				GCC_WARN_UNINITIALIZED_AUTOS = YES_AGGRESSIVE;
				GCC_WARN_UNUSED_FUNCTION = YES;
				GCC_WARN_UNUSED_VARIABLE = YES;
				IPHONEOS_DEPLOYMENT_TARGET = 17.4;
				LOCALIZATION_PREFERS_STRING_CATALOGS = YES;
				MTL_ENABLE_DEBUG_INFO = INCLUDE_SOURCE;
				MTL_FAST_MATH = YES;
				ONLY_ACTIVE_ARCH = YES;
				SDKROOT = iphoneos;
				SWIFT_ACTIVE_COMPILATION_CONDITIONS = "DEBUG $(inherited)";
				SWIFT_OPTIMIZATION_LEVEL = "-Onone";
			};
			name = Debug;
		};
		D0E290B62BFE0DB900E2A4BC /* Release */ = {
			isa = XCBuildConfiguration;
			buildSettings = {
				ALWAYS_SEARCH_USER_PATHS = NO;
				ASSETCATALOG_COMPILER_GENERATE_SWIFT_ASSET_SYMBOL_EXTENSIONS = YES;
				CLANG_ANALYZER_NONNULL = YES;
				CLANG_ANALYZER_NUMBER_OBJECT_CONVERSION = YES_AGGRESSIVE;
				CLANG_CXX_LANGUAGE_STANDARD = "gnu++20";
				CLANG_ENABLE_MODULES = YES;
				CLANG_ENABLE_OBJC_ARC = YES;
				CLANG_ENABLE_OBJC_WEAK = YES;
				CLANG_WARN_BLOCK_CAPTURE_AUTORELEASING = YES;
				CLANG_WARN_BOOL_CONVERSION = YES;
				CLANG_WARN_COMMA = YES;
				CLANG_WARN_CONSTANT_CONVERSION = YES;
				CLANG_WARN_DEPRECATED_OBJC_IMPLEMENTATIONS = YES;
				CLANG_WARN_DIRECT_OBJC_ISA_USAGE = YES_ERROR;
				CLANG_WARN_DOCUMENTATION_COMMENTS = YES;
				CLANG_WARN_EMPTY_BODY = YES;
				CLANG_WARN_ENUM_CONVERSION = YES;
				CLANG_WARN_INFINITE_RECURSION = YES;
				CLANG_WARN_INT_CONVERSION = YES;
				CLANG_WARN_NON_LITERAL_NULL_CONVERSION = YES;
				CLANG_WARN_OBJC_IMPLICIT_RETAIN_SELF = YES;
				CLANG_WARN_OBJC_LITERAL_CONVERSION = YES;
				CLANG_WARN_OBJC_ROOT_CLASS = YES_ERROR;
				CLANG_WARN_QUOTED_INCLUDE_IN_FRAMEWORK_HEADER = YES;
				CLANG_WARN_RANGE_LOOP_ANALYSIS = YES;
				CLANG_WARN_STRICT_PROTOTYPES = YES;
				CLANG_WARN_SUSPICIOUS_MOVE = YES;
				CLANG_WARN_UNGUARDED_AVAILABILITY = YES_AGGRESSIVE;
				CLANG_WARN_UNREACHABLE_CODE = YES;
				CLANG_WARN__DUPLICATE_METHOD_MATCH = YES;
				COPY_PHASE_STRIP = NO;
				DEBUG_INFORMATION_FORMAT = "dwarf-with-dsym";
				ENABLE_NS_ASSERTIONS = NO;
				ENABLE_STRICT_OBJC_MSGSEND = YES;
				ENABLE_USER_SCRIPT_SANDBOXING = YES;
				GCC_C_LANGUAGE_STANDARD = gnu17;
				GCC_NO_COMMON_BLOCKS = YES;
				GCC_WARN_64_TO_32_BIT_CONVERSION = YES;
				GCC_WARN_ABOUT_RETURN_TYPE = YES_ERROR;
				GCC_WARN_UNDECLARED_SELECTOR = YES;
				GCC_WARN_UNINITIALIZED_AUTOS = YES_AGGRESSIVE;
				GCC_WARN_UNUSED_FUNCTION = YES;
				GCC_WARN_UNUSED_VARIABLE = YES;
				IPHONEOS_DEPLOYMENT_TARGET = 17.4;
				LOCALIZATION_PREFERS_STRING_CATALOGS = YES;
				MTL_ENABLE_DEBUG_INFO = NO;
				MTL_FAST_MATH = YES;
				SDKROOT = iphoneos;
				SWIFT_COMPILATION_MODE = wholemodule;
				VALIDATE_PRODUCT = YES;
			};
			name = Release;
		};
		D0E290B82BFE0DB900E2A4BC /* Debug */ = {
			isa = XCBuildConfiguration;
			buildSettings = {
				ASSETCATALOG_COMPILER_APPICON_NAME = AppIcon;
				ASSETCATALOG_COMPILER_GLOBAL_ACCENT_COLOR_NAME = AccentColor;
				CODE_SIGN_STYLE = Automatic;
				CURRENT_PROJECT_VERSION = 1;
				DEVELOPMENT_ASSET_PATHS = "\"First_SwiftUI/Preview Content\"";
				DEVELOPMENT_TEAM = BUWU6XCAQ7;
				ENABLE_PREVIEWS = YES;
				GENERATE_INFOPLIST_FILE = YES;
				INFOPLIST_KEY_UIApplicationSceneManifest_Generation = YES;
				INFOPLIST_KEY_UIApplicationSupportsIndirectInputEvents = YES;
				INFOPLIST_KEY_UILaunchScreen_Generation = YES;
				INFOPLIST_KEY_UISupportedInterfaceOrientations_iPad = "UIInterfaceOrientationPortrait UIInterfaceOrientationPortraitUpsideDown UIInterfaceOrientationLandscapeLeft UIInterfaceOrientationLandscapeRight";
				INFOPLIST_KEY_UISupportedInterfaceOrientations_iPhone = "UIInterfaceOrientationPortrait UIInterfaceOrientationLandscapeLeft UIInterfaceOrientationLandscapeRight";
				LD_RUNPATH_SEARCH_PATHS = (
					"$(inherited)",
					"@executable_path/Frameworks",
				);
				MARKETING_VERSION = 1.0;
				PRODUCT_BUNDLE_IDENTIFIER = "ge.academy.First-SwiftUI";
				PRODUCT_NAME = "$(TARGET_NAME)";
				SWIFT_EMIT_LOC_STRINGS = YES;
				SWIFT_VERSION = 5.0;
				TARGETED_DEVICE_FAMILY = "1,2";
			};
			name = Debug;
		};
		D0E290B92BFE0DB900E2A4BC /* Release */ = {
			isa = XCBuildConfiguration;
			buildSettings = {
				ASSETCATALOG_COMPILER_APPICON_NAME = AppIcon;
				ASSETCATALOG_COMPILER_GLOBAL_ACCENT_COLOR_NAME = AccentColor;
				CODE_SIGN_STYLE = Automatic;
				CURRENT_PROJECT_VERSION = 1;
				DEVELOPMENT_ASSET_PATHS = "\"First_SwiftUI/Preview Content\"";
				DEVELOPMENT_TEAM = BUWU6XCAQ7;
				ENABLE_PREVIEWS = YES;
				GENERATE_INFOPLIST_FILE = YES;
				INFOPLIST_KEY_UIApplicationSceneManifest_Generation = YES;
				INFOPLIST_KEY_UIApplicationSupportsIndirectInputEvents = YES;
				INFOPLIST_KEY_UILaunchScreen_Generation = YES;
				INFOPLIST_KEY_UISupportedInterfaceOrientations_iPad = "UIInterfaceOrientationPortrait UIInterfaceOrientationPortraitUpsideDown UIInterfaceOrientationLandscapeLeft UIInterfaceOrientationLandscapeRight";
				INFOPLIST_KEY_UISupportedInterfaceOrientations_iPhone = "UIInterfaceOrientationPortrait UIInterfaceOrientationLandscapeLeft UIInterfaceOrientationLandscapeRight";
				LD_RUNPATH_SEARCH_PATHS = (
					"$(inherited)",
					"@executable_path/Frameworks",
				);
				MARKETING_VERSION = 1.0;
				PRODUCT_BUNDLE_IDENTIFIER = "ge.academy.First-SwiftUI";
				PRODUCT_NAME = "$(TARGET_NAME)";
				SWIFT_EMIT_LOC_STRINGS = YES;
				SWIFT_VERSION = 5.0;
				TARGETED_DEVICE_FAMILY = "1,2";
			};
			name = Release;
		};
/* End XCBuildConfiguration section */

/* Begin XCConfigurationList section */
		D0E290A42BFE0DB800E2A4BC /* Build configuration list for PBXProject "First_SwiftUI" */ = {
			isa = XCConfigurationList;
			buildConfigurations = (
				D0E290B52BFE0DB900E2A4BC /* Debug */,
				D0E290B62BFE0DB900E2A4BC /* Release */,
			);
			defaultConfigurationIsVisible = 0;
			defaultConfigurationName = Release;
		};
		D0E290B72BFE0DB900E2A4BC /* Build configuration list for PBXNativeTarget "First_SwiftUI" */ = {
			isa = XCConfigurationList;
			buildConfigurations = (
				D0E290B82BFE0DB900E2A4BC /* Debug */,
				D0E290B92BFE0DB900E2A4BC /* Release */,
			);
			defaultConfigurationIsVisible = 0;
			defaultConfigurationName = Release;
		};
/* End XCConfigurationList section */
	};
	rootObject = D0E290A12BFE0DB800E2A4BC /* Project object */;
}
